
Microsoft Visual Studio Solution File, Format Version 12.00
# Visual Studio Version 17
VisualStudioVersion = 17.13.35931.197 d17.13
MinimumVisualStudioVersion = 10.0.40219.1
Project("{FAE04EC0-301F-11D3-BF4B-00C04F79EFBC}") = "Template", "Template\Template.csproj", "{EB9921AF-6965-469D-BE18-0BF1871FFAC1}"
EndProject
Project("{FAE04EC0-301F-11D3-BF4B-00C04F79EFBC}") = "Core", "Core\Core.csproj", "{42C671F9-720E-4E05-B1DD-58AD87F0FE3A}"
EndProject
Project("{FAE04EC0-301F-11D3-BF4B-00C04F79EFBC}") = "Repository", "Repository\Repository.csproj", "{AD1ECC58-A143-4CD3-9088-3B531992F7CC}"
EndProject
Project("{FAE04EC0-301F-11D3-BF4B-00C04F79EFBC}") = "Services", "Services\Services.csproj", "{59763EC0-3EA9-4618-AA11-3721B2EFBCD4}"
EndProject
Project("{FAE04EC0-301F-11D3-BF4B-00C04F79EFBC}") = "DTOs", "DTOs\DTOs.csproj", "{6DA09521-0324-412A-9ACE-887A66955E9C}"
EndProject
Global
	GlobalSection(SolutionConfigurationPlatforms) = preSolution
		Debug|Any CPU = Debug|Any CPU
		Release|Any CPU = Release|Any CPU
	EndGlobalSection
	GlobalSection(ProjectConfigurationPlatforms) = postSolution
		{EB9921AF-6965-469D-BE18-0BF1871FFAC1}.Debug|Any CPU.ActiveCfg = Debug|Any CPU
		{EB9921AF-6965-469D-BE18-0BF1871FFAC1}.Debug|Any CPU.Build.0 = Debug|Any CPU
		{EB9921AF-6965-469D-BE18-0BF1871FFAC1}.Release|Any CPU.ActiveCfg = Release|Any CPU
		{EB9921AF-6965-469D-BE18-0BF1871FFAC1}.Release|Any CPU.Build.0 = Release|Any CPU
		{42C671F9-720E-4E05-B1DD-58AD87F0FE3A}.Debug|Any CPU.ActiveCfg = Debug|Any CPU
		{42C671F9-720E-4E05-B1DD-58AD87F0FE3A}.Debug|Any CPU.Build.0 = Debug|Any CPU
		{42C671F9-720E-4E05-B1DD-58AD87F0FE3A}.Release|Any CPU.ActiveCfg = Release|Any CPU
		{42C671F9-720E-4E05-B1DD-58AD87F0FE3A}.Release|Any CPU.Build.0 = Release|Any CPU
		{AD1ECC58-A143-4CD3-9088-3B531992F7CC}.Debug|Any CPU.ActiveCfg = Debug|Any CPU
		{AD1ECC58-A143-4CD3-9088-3B531992F7CC}.Debug|Any CPU.Build.0 = Debug|Any CPU
		{AD1ECC58-A143-4CD3-9088-3B531992F7CC}.Release|Any CPU.ActiveCfg = Release|Any CPU
		{AD1ECC58-A143-4CD3-9088-3B531992F7CC}.Release|Any CPU.Build.0 = Release|Any CPU
		{59763EC0-3EA9-4618-AA11-3721B2EFBCD4}.Debug|Any CPU.ActiveCfg = Debug|Any CPU
		{59763EC0-3EA9-4618-AA11-3721B2EFBCD4}.Debug|Any CPU.Build.0 = Debug|Any CPU
		{59763EC0-3EA9-4618-AA11-3721B2EFBCD4}.Release|Any CPU.ActiveCfg = Release|Any CPU
		{59763EC0-3EA9-4618-AA11-3721B2EFBCD4}.Release|Any CPU.Build.0 = Release|Any CPU
		{6DA09521-0324-412A-9ACE-887A66955E9C}.Debug|Any CPU.ActiveCfg = Debug|Any CPU
		{6DA09521-0324-412A-9ACE-887A66955E9C}.Debug|Any CPU.Build.0 = Debug|Any CPU
		{6DA09521-0324-412A-9ACE-887A66955E9C}.Release|Any CPU.ActiveCfg = Release|Any CPU
		{6DA09521-0324-412A-9ACE-887A66955E9C}.Release|Any CPU.Build.0 = Release|Any CPU
	EndGlobalSection
	GlobalSection(SolutionProperties) = preSolution
		HideSolutionNode = FALSE
	EndGlobalSection
	GlobalSection(ExtensibilityGlobals) = postSolution
		SolutionGuid = {4420AC55-0464-45BF-AA30-F8AD190E777E}
	EndGlobalSection
EndGlobal
